{
  "name": "custom-right-click-menu",
  "version": "2.0.16",
  "lockfileVersion": 1,
  "requires": true,
  "dependencies": {
    "@types/clone": {
      "version": "0.1.30",
      "resolved": "https://registry.npmjs.org/@types/clone/-/clone-0.1.30.tgz",
      "integrity": "sha1-5zZWSMG0ITalnH1QQGN7O1yDthQ="
    },
    "@types/node": {
      "version": "8.0.36",
      "resolved": "https://registry.npmjs.org/@types/node/-/node-8.0.36.tgz",
      "integrity": "sha512-95zTWDvyfHdIBQVFzci0ei6iCsldBhMMSn8xcb3a2KhzmTNOOpzArR90d9iCyqUlsa9+p55pWvc0PY0SSnzcnQ==",
      "dev": true
    },
    "@types/parse5": {
      "version": "0.0.31",
      "resolved": "https://registry.npmjs.org/@types/parse5/-/parse5-0.0.31.tgz",
      "integrity": "sha1-6Cekk6RDsVbhtYKi5MO9wAQPLuc=",
      "requires": {
        "@types/node": "6.0.89"
      },
      "dependencies": {
        "@types/node": {
          "version": "6.0.89",
          "resolved": "https://registry.npmjs.org/@types/node/-/node-6.0.89.tgz",
          "integrity": "sha512-Z/67L97+6H1qJiEEHSN1SQapkWjDss1D90rAnFcQ6UxKkah9juzotK5UNEP1bDv/0lJ3NAQTnVfc/JWdgCGruA=="
        }
      }
    },
    "ansi-escape-sequences": {
      "version": "3.0.0",
      "resolved": "https://registry.npmjs.org/ansi-escape-sequences/-/ansi-escape-sequences-3.0.0.tgz",
      "integrity": "sha1-HBg5S2r5t2/5pjUJ+kl2af0s5T4=",
      "requires": {
        "array-back": "1.0.4"
      }
    },
    "argparse": {
      "version": "1.0.9",
      "resolved": "https://registry.npmjs.org/argparse/-/argparse-1.0.9.tgz",
      "integrity": "sha1-c9g7wmP4bpf4zE9rrhsOkKfSLIY=",
      "requires": {
        "sprintf-js": "1.0.3"
      }
    },
    "array-back": {
      "version": "1.0.4",
      "resolved": "https://registry.npmjs.org/array-back/-/array-back-1.0.4.tgz",
      "integrity": "sha1-ZEun8JX3/898Q7Xw3DnTwfA8Bjs=",
      "requires": {
        "typical": "2.6.1"
      }
    },
    "balanced-match": {
      "version": "1.0.0",
      "resolved": "https://registry.npmjs.org/balanced-match/-/balanced-match-1.0.0.tgz",
      "integrity": "sha1-ibTRmasr7kneFk6gK4nORi1xt2c=",
      "dev": true
    },
    "brace-expansion": {
      "version": "1.1.8",
      "resolved": "https://registry.npmjs.org/brace-expansion/-/brace-expansion-1.1.8.tgz",
      "integrity": "sha1-wHshHHyVLsH479Uad+8NHTmQopI=",
      "dev": true,
      "requires": {
        "balanced-match": "1.0.0",
        "concat-map": "0.0.1"
      }
    },
    "clone": {
      "version": "1.0.2",
      "resolved": "https://registry.npmjs.org/clone/-/clone-1.0.2.tgz",
      "integrity": "sha1-Jgt6meux7f4kdTgXX3gyQ8sZ0Uk="
    },
    "command-line-args": {
      "version": "3.0.5",
      "resolved": "https://registry.npmjs.org/command-line-args/-/command-line-args-3.0.5.tgz",
      "integrity": "sha1-W9StReeYPlwTRJGOQCgO4mk8WsA=",
      "requires": {
        "array-back": "1.0.4",
        "feature-detect-es6": "1.3.1",
        "find-replace": "1.0.3",
        "typical": "2.6.1"
      }
    },
    "command-line-usage": {
      "version": "3.0.8",
      "resolved": "https://registry.npmjs.org/command-line-usage/-/command-line-usage-3.0.8.tgz",
      "integrity": "sha1-tqIJeMGzg0d/XBGlKUKLiAv+D00=",
      "requires": {
        "ansi-escape-sequences": "3.0.0",
        "array-back": "1.0.4",
        "feature-detect-es6": "1.3.1",
        "table-layout": "0.3.0",
        "typical": "2.6.1"
      }
    },
    "concat-map": {
      "version": "0.0.1",
      "resolved": "https://registry.npmjs.org/concat-map/-/concat-map-0.0.1.tgz",
      "integrity": "sha1-2Klr13/Wjfd5OnMDajug1UBdR3s=",
      "dev": true
    },
    "core-js": {
      "version": "2.5.1",
      "resolved": "https://registry.npmjs.org/core-js/-/core-js-2.5.1.tgz",
      "integrity": "sha1-rmh03GaTd4m4B1T/VCjfZoGcpQs="
    },
    "crisper": {
      "version": "2.1.1",
      "resolved": "https://registry.npmjs.org/crisper/-/crisper-2.1.1.tgz",
      "integrity": "sha512-yxfj9nTbFunDASztAxVF8hCPwaZBvTjayNzG3YL/VVQfQaKBXX2+TM3p1xB1Pxd8RYeDQJkJIQRwM3FQSIa+pw==",
      "requires": {
        "command-line-args": "3.0.5",
        "command-line-usage": "3.0.8",
        "dom5": "1.3.6"
      }
    },
    "deep-extend": {
      "version": "0.4.2",
      "resolved": "https://registry.npmjs.org/deep-extend/-/deep-extend-0.4.2.tgz",
      "integrity": "sha1-SLaZwn4zS/ifEIkr5DL25MfTSn8="
    },
    "dom5": {
      "version": "1.3.6",
      "resolved": "https://registry.npmjs.org/dom5/-/dom5-1.3.6.tgz",
      "integrity": "sha1-pwiKn8XzsI3J9u2kx6uuskGUXg0=",
      "requires": {
        "@types/clone": "0.1.30",
        "@types/node": "4.2.20",
        "@types/parse5": "0.0.31",
        "clone": "1.0.2",
        "parse5": "1.5.1"
      },
      "dependencies": {
        "@types/node": {
          "version": "4.2.20",
          "resolved": "https://registry.npmjs.org/@types/node/-/node-4.2.20.tgz",
          "integrity": "sha512-nSLKvYxEIV2bBlWvvpas2z7tKkg2qfkx2BdotvL1rkhbStlijGajd9+db8fghja1citNOa9cOVn20JQ6ImP9tg=="
        }
      }
    },
    "feature-detect-es6": {
      "version": "1.3.1",
      "resolved": "https://registry.npmjs.org/feature-detect-es6/-/feature-detect-es6-1.3.1.tgz",
      "integrity": "sha1-+IhzavnLDJH1VmO/pHYuuW7nBH8=",
      "requires": {
        "array-back": "1.0.4"
      }
    },
    "find-replace": {
      "version": "1.0.3",
      "resolved": "https://registry.npmjs.org/find-replace/-/find-replace-1.0.3.tgz",
      "integrity": "sha1-uI5zZNLZyVlVnziMZmcNYTBEH6A=",
      "requires": {
        "array-back": "1.0.4",
        "test-value": "2.1.0"
      }
    },
    "fs.realpath": {
      "version": "1.0.0",
      "resolved": "https://registry.npmjs.org/fs.realpath/-/fs.realpath-1.0.0.tgz",
      "integrity": "sha1-FQStJSMVjKpA20onh8sBQRmU6k8=",
      "dev": true
    },
    "glob": {
      "version": "7.1.2",
      "resolved": "https://registry.npmjs.org/glob/-/glob-7.1.2.tgz",
      "integrity": "sha512-MJTUg1kjuLeQCJ+ccE4Vpa6kKVXkPYJ2mOCQyUuKLcLQsdrMCpBPUi8qVE6+YuaJkozeA9NusTAw3hLr8Xe5EQ==",
      "dev": true,
      "requires": {
        "fs.realpath": "1.0.0",
        "inflight": "1.0.6",
        "inherits": "2.0.3",
        "minimatch": "3.0.4",
        "once": "1.4.0",
        "path-is-absolute": "1.0.1"
      }
    },
    "inflight": {
      "version": "1.0.6",
      "resolved": "https://registry.npmjs.org/inflight/-/inflight-1.0.6.tgz",
      "integrity": "sha1-Sb1jMdfQLQwJvJEKEHW6gWW1bfk=",
      "dev": true,
      "requires": {
        "once": "1.4.0",
        "wrappy": "1.0.2"
      }
    },
    "inherits": {
      "version": "2.0.3",
      "resolved": "https://registry.npmjs.org/inherits/-/inherits-2.0.3.tgz",
      "integrity": "sha1-Yzwsg+PaQqUC9SRmAiSA9CCCYd4=",
      "dev": true
    },
    "minimatch": {
      "version": "3.0.4",
      "resolved": "https://registry.npmjs.org/minimatch/-/minimatch-3.0.4.tgz",
      "integrity": "sha512-yJHVQEhyqPLUTgt9B83PXu6W3rx4MvvHvSUvToogpwoGDOUQ+yDrR0HRot+yOCdCO7u4hX3pWft6kWBBcqh0UA==",
      "dev": true,
      "requires": {
        "brace-expansion": "1.1.8"
      }
    },
    "once": {
      "version": "1.4.0",
      "resolved": "https://registry.npmjs.org/once/-/once-1.4.0.tgz",
      "integrity": "sha1-WDsap3WWHUsROsF9nFC6753Xa9E=",
      "dev": true,
      "requires": {
        "wrappy": "1.0.2"
      }
    },
    "parse5": {
      "version": "1.5.1",
      "resolved": "https://registry.npmjs.org/parse5/-/parse5-1.5.1.tgz",
      "integrity": "sha1-m387DeMr543CQBsXVzzK8Pb1nZQ="
    },
    "path-is-absolute": {
      "version": "1.0.1",
      "resolved": "https://registry.npmjs.org/path-is-absolute/-/path-is-absolute-1.0.1.tgz",
      "integrity": "sha1-F0uSaHNVNP+8es5r9TpanhtcX18=",
      "dev": true
    },
    "reduce-flatten": {
      "version": "1.0.1",
      "resolved": "https://registry.npmjs.org/reduce-flatten/-/reduce-flatten-1.0.1.tgz",
      "integrity": "sha1-JYx479FT3fk8tWEjf2EYTzaW4yc="
    },
    "sprintf-js": {
      "version": "1.0.3",
      "resolved": "https://registry.npmjs.org/sprintf-js/-/sprintf-js-1.0.3.tgz",
      "integrity": "sha1-BOaSb2YolTVPPdAVIDYzuFcpfiw="
    },
    "table-layout": {
      "version": "0.3.0",
      "resolved": "https://registry.npmjs.org/table-layout/-/table-layout-0.3.0.tgz",
      "integrity": "sha1-buINxIPbNxs+XIf3BO0vfHmdLJo=",
      "requires": {
        "array-back": "1.0.4",
        "core-js": "2.5.1",
        "deep-extend": "0.4.2",
        "feature-detect-es6": "1.3.1",
        "typical": "2.6.1",
        "wordwrapjs": "2.0.0"
      }
    },
    "test-value": {
      "version": "2.1.0",
      "resolved": "https://registry.npmjs.org/test-value/-/test-value-2.1.0.tgz",
      "integrity": "sha1-Edpv9nDzRxpztiXKTz/c97t0gpE=",
      "requires": {
        "array-back": "1.0.4",
        "typical": "2.6.1"
      }
    },
    "typical": {
      "version": "2.6.1",
      "resolved": "https://registry.npmjs.org/typical/-/typical-2.6.1.tgz",
      "integrity": "sha1-XAgOXWYcu+OCWdLnCjxyU+hziB0="
    },
    "wordwrapjs": {
      "version": "2.0.0",
      "resolved": "https://registry.npmjs.org/wordwrapjs/-/wordwrapjs-2.0.0.tgz",
      "integrity": "sha1-q1X2leYRjak4WP3XDAU9HF4BrCA=",
      "requires": {
        "array-back": "1.0.4",
        "feature-detect-es6": "1.3.1",
        "reduce-flatten": "1.0.1",
        "typical": "2.6.1"
      }
    },
    "wrappy": {
      "version": "1.0.2",
      "resolved": "https://registry.npmjs.org/wrappy/-/wrappy-1.0.2.tgz",
      "integrity": "sha1-tSQ9jz7BqjXxNkYFvA0QNuMKtp8=",
      "dev": true
    }
  }
}
